// !$*UTF8*$!
{
	archiveVersion = 1;
	classes = {
	};
	objectVersion = 51;
	objects = {

/* Begin PBXBuildFile section */
		92A9EF7CBE1D147EDA748A37 /* Pods_DFriendsTests.framework in Frameworks */ = {isa = PBXBuildFile; fileRef = 2C16F67422A8991B04DAFA24 /* Pods_DFriendsTests.framework */; };
		C994B463268ABCB4001D83C7 /* AppDelegate.swift in Sources */ = {isa = PBXBuildFile; fileRef = C994B462268ABCB4001D83C7 /* AppDelegate.swift */; };
		C994B465268ABCB4001D83C7 /* SceneDelegate.swift in Sources */ = {isa = PBXBuildFile; fileRef = C994B464268ABCB4001D83C7 /* SceneDelegate.swift */; };
		C994B46A268ABCB4001D83C7 /* Main.storyboard in Resources */ = {isa = PBXBuildFile; fileRef = C994B468268ABCB4001D83C7 /* Main.storyboard */; };
		C994B46C268ABCB5001D83C7 /* Assets.xcassets in Resources */ = {isa = PBXBuildFile; fileRef = C994B46B268ABCB5001D83C7 /* Assets.xcassets */; };
		C994B46F268ABCB5001D83C7 /* LaunchScreen.storyboard in Resources */ = {isa = PBXBuildFile; fileRef = C994B46D268ABCB5001D83C7 /* LaunchScreen.storyboard */; };
		C994B47A268ABCB6001D83C7 /* DFriendsTests.swift in Sources */ = {isa = PBXBuildFile; fileRef = C994B479268ABCB6001D83C7 /* DFriendsTests.swift */; };
		C994B485268ABCB6001D83C7 /* DFriendsUITests.swift in Sources */ = {isa = PBXBuildFile; fileRef = C994B484268ABCB6001D83C7 /* DFriendsUITests.swift */; };
		C994B4A3268ABE17001D83C7 /* ModelConsult.swift in Sources */ = {isa = PBXBuildFile; fileRef = C994B4A2268ABE17001D83C7 /* ModelConsult.swift */; };
		C994B4A8268ABE20001D83C7 /* ModelExpert.swift in Sources */ = {isa = PBXBuildFile; fileRef = C994B4A7268ABE20001D83C7 /* ModelExpert.swift */; };
		C994B4AD268ABE2B001D83C7 /* ModelCompany.swift in Sources */ = {isa = PBXBuildFile; fileRef = C994B4AC268ABE2B001D83C7 /* ModelCompany.swift */; };
		C994B4BE268AC131001D83C7 /* WebApiManager.swift in Sources */ = {isa = PBXBuildFile; fileRef = C994B4BD268AC131001D83C7 /* WebApiManager.swift */; };
		C994B4CC268AC2D0001D83C7 /* ExpertVC.swift in Sources */ = {isa = PBXBuildFile; fileRef = C994B4CB268AC2D0001D83C7 /* ExpertVC.swift */; };
		C994B4D1268AC2E0001D83C7 /* ConsultVC.swift in Sources */ = {isa = PBXBuildFile; fileRef = C994B4D0268AC2E0001D83C7 /* ConsultVC.swift */; };
		C994B4D6268AC2E9001D83C7 /* ProfileVC.swift in Sources */ = {isa = PBXBuildFile; fileRef = C994B4D5268AC2E9001D83C7 /* ProfileVC.swift */; };
		C994B4DC268AC312001D83C7 /* MainTabbarController.swift in Sources */ = {isa = PBXBuildFile; fileRef = C994B4DB268AC312001D83C7 /* MainTabbarController.swift */; };
		C994B4E5268AC33F001D83C7 /* NSNotification.swift in Sources */ = {isa = PBXBuildFile; fileRef = C994B4E4268AC33F001D83C7 /* NSNotification.swift */; };
		C994B4ED268AC375001D83C7 /* Home.storyboard in Resources */ = {isa = PBXBuildFile; fileRef = C994B4EC268AC375001D83C7 /* Home.storyboard */; };
		C994B4F2268AC37E001D83C7 /* Expert.storyboard in Resources */ = {isa = PBXBuildFile; fileRef = C994B4F1268AC37E001D83C7 /* Expert.storyboard */; };
		C994B4F7268AC385001D83C7 /* Consult.storyboard in Resources */ = {isa = PBXBuildFile; fileRef = C994B4F6268AC385001D83C7 /* Consult.storyboard */; };
		C994B4FC268AC38C001D83C7 /* Profile.storyboard in Resources */ = {isa = PBXBuildFile; fileRef = C994B4FB268AC38C001D83C7 /* Profile.storyboard */; };
		C994B507268ACE3D001D83C7 /* HomeVC.swift in Sources */ = {isa = PBXBuildFile; fileRef = C994B506268ACE3D001D83C7 /* HomeVC.swift */; };
		C994B50C268ACFF2001D83C7 /* SearchTableViewCell.swift in Sources */ = {isa = PBXBuildFile; fileRef = C994B50B268ACFF2001D83C7 /* SearchTableViewCell.swift */; };
		C994B511268ACFFA001D83C7 /* ConsultTableViewCell.swift in Sources */ = {isa = PBXBuildFile; fileRef = C994B510268ACFFA001D83C7 /* ConsultTableViewCell.swift */; };
		C994B516268AD001001D83C7 /* ExpertTableViewCell.swift in Sources */ = {isa = PBXBuildFile; fileRef = C994B515268AD001001D83C7 /* ExpertTableViewCell.swift */; };
		C994B51B268AD008001D83C7 /* CompanyTableViewCell.swift in Sources */ = {isa = PBXBuildFile; fileRef = C994B51A268AD008001D83C7 /* CompanyTableViewCell.swift */; };
		C994B522268AD4FE001D83C7 /* ExpertCollectionCell.swift in Sources */ = {isa = PBXBuildFile; fileRef = C994B520268AD4FE001D83C7 /* ExpertCollectionCell.swift */; };
		C994B523268AD4FE001D83C7 /* ExpertCollectionCell.xib in Resources */ = {isa = PBXBuildFile; fileRef = C994B521268AD4FE001D83C7 /* ExpertCollectionCell.xib */; };
		C994B529268AE766001D83C7 /* CompanyCollectionCell.swift in Sources */ = {isa = PBXBuildFile; fileRef = C994B527268AE766001D83C7 /* CompanyCollectionCell.swift */; };
		C994B52A268AE766001D83C7 /* CompanyCollectionCell.xib in Resources */ = {isa = PBXBuildFile; fileRef = C994B528268AE766001D83C7 /* CompanyCollectionCell.xib */; };
		C994B52F268AF02C001D83C7 /* SearchVC.swift in Sources */ = {isa = PBXBuildFile; fileRef = C994B52E268AF02C001D83C7 /* SearchVC.swift */; };
		C994B537268AF998001D83C7 /* QuestionVC.swift in Sources */ = {isa = PBXBuildFile; fileRef = C994B536268AF998001D83C7 /* QuestionVC.swift */; };
		C994B540268B115E001D83C7 /* ExpertDetailVC.swift in Sources */ = {isa = PBXBuildFile; fileRef = C994B53F268B115E001D83C7 /* ExpertDetailVC.swift */; };
		C994B548268D7C95001D83C7 /* CompanyVC.swift in Sources */ = {isa = PBXBuildFile; fileRef = C994B547268D7C95001D83C7 /* CompanyVC.swift */; };
		C994B54D268D7FDE001D83C7 /* Company.storyboard in Resources */ = {isa = PBXBuildFile; fileRef = C994B54C268D7FDE001D83C7 /* Company.storyboard */; };
		C994B553268D8043001D83C7 /* CompanyMoreVC.swift in Sources */ = {isa = PBXBuildFile; fileRef = C994B552268D8043001D83C7 /* CompanyMoreVC.swift */; };
		C994B56B268D8412001D83C7 /* ExpertMoreVC.swift in Sources */ = {isa = PBXBuildFile; fileRef = C994B56A268D8412001D83C7 /* ExpertMoreVC.swift */; };
		C9E9D3779C081D5ACBBF6F8E /* Pods_DFriends.framework in Frameworks */ = {isa = PBXBuildFile; fileRef = 3845DF5F75EC7DEF4F8F425E /* Pods_DFriends.framework */; };
		F779847C47575C36BB6F8466 /* Pods_DFriends_DFriendsUITests.framework in Frameworks */ = {isa = PBXBuildFile; fileRef = 434C3F09076A201F143040FE /* Pods_DFriends_DFriendsUITests.framework */; };
/* End PBXBuildFile section */

/* Begin PBXContainerItemProxy section */
		C994B476268ABCB5001D83C7 /* PBXContainerItemProxy */ = {
			isa = PBXContainerItemProxy;
			containerPortal = C994B457268ABCB4001D83C7 /* Project object */;
			proxyType = 1;
			remoteGlobalIDString = C994B45E268ABCB4001D83C7;
			remoteInfo = DFriends;
		};
		C994B481268ABCB6001D83C7 /* PBXContainerItemProxy */ = {
			isa = PBXContainerItemProxy;
			containerPortal = C994B457268ABCB4001D83C7 /* Project object */;
			proxyType = 1;
			remoteGlobalIDString = C994B45E268ABCB4001D83C7;
			remoteInfo = DFriends;
		};
/* End PBXContainerItemProxy section */

/* Begin PBXFileReference section */
		2C16F67422A8991B04DAFA24 /* Pods_DFriendsTests.framework */ = {isa = PBXFileReference; explicitFileType = wrapper.framework; includeInIndex = 0; path = Pods_DFriendsTests.framework; sourceTree = BUILT_PRODUCTS_DIR; };
		375C766594D8E73911E2E573 /* Pods-DFriends.debug.xcconfig */ = {isa = PBXFileReference; includeInIndex = 1; lastKnownFileType = text.xcconfig; name = "Pods-DFriends.debug.xcconfig"; path = "Target Support Files/Pods-DFriends/Pods-DFriends.debug.xcconfig"; sourceTree = "<group>"; };
		3845DF5F75EC7DEF4F8F425E /* Pods_DFriends.framework */ = {isa = PBXFileReference; explicitFileType = wrapper.framework; includeInIndex = 0; path = Pods_DFriends.framework; sourceTree = BUILT_PRODUCTS_DIR; };
		434C3F09076A201F143040FE /* Pods_DFriends_DFriendsUITests.framework */ = {isa = PBXFileReference; explicitFileType = wrapper.framework; includeInIndex = 0; path = Pods_DFriends_DFriendsUITests.framework; sourceTree = BUILT_PRODUCTS_DIR; };
		5B926966A9210F417401AD17 /* Pods-DFriends.release.xcconfig */ = {isa = PBXFileReference; includeInIndex = 1; lastKnownFileType = text.xcconfig; name = "Pods-DFriends.release.xcconfig"; path = "Target Support Files/Pods-DFriends/Pods-DFriends.release.xcconfig"; sourceTree = "<group>"; };
		B402CE135A24B4E25AC6DE65 /* Pods-DFriends-DFriendsUITests.release.xcconfig */ = {isa = PBXFileReference; includeInIndex = 1; lastKnownFileType = text.xcconfig; name = "Pods-DFriends-DFriendsUITests.release.xcconfig"; path = "Target Support Files/Pods-DFriends-DFriendsUITests/Pods-DFriends-DFriendsUITests.release.xcconfig"; sourceTree = "<group>"; };
		C994B45F268ABCB4001D83C7 /* DFriends.app */ = {isa = PBXFileReference; explicitFileType = wrapper.application; includeInIndex = 0; path = DFriends.app; sourceTree = BUILT_PRODUCTS_DIR; };
		C994B462268ABCB4001D83C7 /* AppDelegate.swift */ = {isa = PBXFileReference; lastKnownFileType = sourcecode.swift; path = AppDelegate.swift; sourceTree = "<group>"; };
		C994B464268ABCB4001D83C7 /* SceneDelegate.swift */ = {isa = PBXFileReference; lastKnownFileType = sourcecode.swift; path = SceneDelegate.swift; sourceTree = "<group>"; };
		C994B469268ABCB4001D83C7 /* Base */ = {isa = PBXFileReference; lastKnownFileType = file.storyboard; name = Base; path = Base.lproj/Main.storyboard; sourceTree = "<group>"; };
		C994B46B268ABCB5001D83C7 /* Assets.xcassets */ = {isa = PBXFileReference; lastKnownFileType = folder.assetcatalog; path = Assets.xcassets; sourceTree = "<group>"; };
		C994B46E268ABCB5001D83C7 /* Base */ = {isa = PBXFileReference; lastKnownFileType = file.storyboard; name = Base; path = Base.lproj/LaunchScreen.storyboard; sourceTree = "<group>"; };
		C994B470268ABCB5001D83C7 /* Info.plist */ = {isa = PBXFileReference; lastKnownFileType = text.plist.xml; path = Info.plist; sourceTree = "<group>"; };
		C994B475268ABCB5001D83C7 /* DFriendsTests.xctest */ = {isa = PBXFileReference; explicitFileType = wrapper.cfbundle; includeInIndex = 0; path = DFriendsTests.xctest; sourceTree = BUILT_PRODUCTS_DIR; };
		C994B479268ABCB6001D83C7 /* DFriendsTests.swift */ = {isa = PBXFileReference; lastKnownFileType = sourcecode.swift; path = DFriendsTests.swift; sourceTree = "<group>"; };
		C994B47B268ABCB6001D83C7 /* Info.plist */ = {isa = PBXFileReference; lastKnownFileType = text.plist.xml; path = Info.plist; sourceTree = "<group>"; };
		C994B480268ABCB6001D83C7 /* DFriendsUITests.xctest */ = {isa = PBXFileReference; explicitFileType = wrapper.cfbundle; includeInIndex = 0; path = DFriendsUITests.xctest; sourceTree = BUILT_PRODUCTS_DIR; };
		C994B484268ABCB6001D83C7 /* DFriendsUITests.swift */ = {isa = PBXFileReference; lastKnownFileType = sourcecode.swift; path = DFriendsUITests.swift; sourceTree = "<group>"; };
		C994B486268ABCB6001D83C7 /* Info.plist */ = {isa = PBXFileReference; lastKnownFileType = text.plist.xml; path = Info.plist; sourceTree = "<group>"; };
		C994B4A2268ABE17001D83C7 /* ModelConsult.swift */ = {isa = PBXFileReference; lastKnownFileType = sourcecode.swift; path = ModelConsult.swift; sourceTree = "<group>"; };
		C994B4A7268ABE20001D83C7 /* ModelExpert.swift */ = {isa = PBXFileReference; lastKnownFileType = sourcecode.swift; path = ModelExpert.swift; sourceTree = "<group>"; };
		C994B4AC268ABE2B001D83C7 /* ModelCompany.swift */ = {isa = PBXFileReference; lastKnownFileType = sourcecode.swift; path = ModelCompany.swift; sourceTree = "<group>"; };
		C994B4BD268AC131001D83C7 /* WebApiManager.swift */ = {isa = PBXFileReference; lastKnownFileType = sourcecode.swift; path = WebApiManager.swift; sourceTree = "<group>"; };
		C994B4CB268AC2D0001D83C7 /* ExpertVC.swift */ = {isa = PBXFileReference; lastKnownFileType = sourcecode.swift; path = ExpertVC.swift; sourceTree = "<group>"; };
		C994B4D0268AC2E0001D83C7 /* ConsultVC.swift */ = {isa = PBXFileReference; lastKnownFileType = sourcecode.swift; path = ConsultVC.swift; sourceTree = "<group>"; };
		C994B4D5268AC2E9001D83C7 /* ProfileVC.swift */ = {isa = PBXFileReference; lastKnownFileType = sourcecode.swift; path = ProfileVC.swift; sourceTree = "<group>"; };
		C994B4DB268AC312001D83C7 /* MainTabbarController.swift */ = {isa = PBXFileReference; lastKnownFileType = sourcecode.swift; path = MainTabbarController.swift; sourceTree = "<group>"; };
		C994B4E4268AC33F001D83C7 /* NSNotification.swift */ = {isa = PBXFileReference; lastKnownFileType = sourcecode.swift; path = NSNotification.swift; sourceTree = "<group>"; };
		C994B4EC268AC375001D83C7 /* Home.storyboard */ = {isa = PBXFileReference; lastKnownFileType = file.storyboard; path = Home.storyboard; sourceTree = "<group>"; };
		C994B4F1268AC37E001D83C7 /* Expert.storyboard */ = {isa = PBXFileReference; lastKnownFileType = file.storyboard; path = Expert.storyboard; sourceTree = "<group>"; };
		C994B4F6268AC385001D83C7 /* Consult.storyboard */ = {isa = PBXFileReference; lastKnownFileType = file.storyboard; path = Consult.storyboard; sourceTree = "<group>"; };
		C994B4FB268AC38C001D83C7 /* Profile.storyboard */ = {isa = PBXFileReference; lastKnownFileType = file.storyboard; path = Profile.storyboard; sourceTree = "<group>"; };
		C994B506268ACE3D001D83C7 /* HomeVC.swift */ = {isa = PBXFileReference; lastKnownFileType = sourcecode.swift; path = HomeVC.swift; sourceTree = "<group>"; };
		C994B50B268ACFF2001D83C7 /* SearchTableViewCell.swift */ = {isa = PBXFileReference; lastKnownFileType = sourcecode.swift; path = SearchTableViewCell.swift; sourceTree = "<group>"; };
		C994B510268ACFFA001D83C7 /* ConsultTableViewCell.swift */ = {isa = PBXFileReference; lastKnownFileType = sourcecode.swift; path = ConsultTableViewCell.swift; sourceTree = "<group>"; };
		C994B515268AD001001D83C7 /* ExpertTableViewCell.swift */ = {isa = PBXFileReference; lastKnownFileType = sourcecode.swift; path = ExpertTableViewCell.swift; sourceTree = "<group>"; };
		C994B51A268AD008001D83C7 /* CompanyTableViewCell.swift */ = {isa = PBXFileReference; lastKnownFileType = sourcecode.swift; path = CompanyTableViewCell.swift; sourceTree = "<group>"; };
		C994B520268AD4FE001D83C7 /* ExpertCollectionCell.swift */ = {isa = PBXFileReference; lastKnownFileType = sourcecode.swift; path = ExpertCollectionCell.swift; sourceTree = "<group>"; };
		C994B521268AD4FE001D83C7 /* ExpertCollectionCell.xib */ = {isa = PBXFileReference; lastKnownFileType = file.xib; path = ExpertCollectionCell.xib; sourceTree = "<group>"; };
		C994B527268AE766001D83C7 /* CompanyCollectionCell.swift */ = {isa = PBXFileReference; lastKnownFileType = sourcecode.swift; path = CompanyCollectionCell.swift; sourceTree = "<group>"; };
		C994B528268AE766001D83C7 /* CompanyCollectionCell.xib */ = {isa = PBXFileReference; lastKnownFileType = file.xib; path = CompanyCollectionCell.xib; sourceTree = "<group>"; };
		C994B52E268AF02C001D83C7 /* SearchVC.swift */ = {isa = PBXFileReference; lastKnownFileType = sourcecode.swift; path = SearchVC.swift; sourceTree = "<group>"; };
		C994B536268AF998001D83C7 /* QuestionVC.swift */ = {isa = PBXFileReference; lastKnownFileType = sourcecode.swift; path = QuestionVC.swift; sourceTree = "<group>"; };
		C994B53F268B115E001D83C7 /* ExpertDetailVC.swift */ = {isa = PBXFileReference; lastKnownFileType = sourcecode.swift; path = ExpertDetailVC.swift; sourceTree = "<group>"; };
		C994B547268D7C95001D83C7 /* CompanyVC.swift */ = {isa = PBXFileReference; lastKnownFileType = sourcecode.swift; path = CompanyVC.swift; sourceTree = "<group>"; };
		C994B54C268D7FDE001D83C7 /* Company.storyboard */ = {isa = PBXFileReference; lastKnownFileType = file.storyboard; path = Company.storyboard; sourceTree = "<group>"; };
		C994B552268D8043001D83C7 /* CompanyMoreVC.swift */ = {isa = PBXFileReference; lastKnownFileType = sourcecode.swift; path = CompanyMoreVC.swift; sourceTree = "<group>"; };
		C994B56A268D8412001D83C7 /* ExpertMoreVC.swift */ = {isa = PBXFileReference; lastKnownFileType = sourcecode.swift; path = ExpertMoreVC.swift; sourceTree = "<group>"; };
		D75463D16615CE091441AEFA /* Pods-DFriendsTests.debug.xcconfig */ = {isa = PBXFileReference; includeInIndex = 1; lastKnownFileType = text.xcconfig; name = "Pods-DFriendsTests.debug.xcconfig"; path = "Target Support Files/Pods-DFriendsTests/Pods-DFriendsTests.debug.xcconfig"; sourceTree = "<group>"; };
		E1E1A1122B53B753E4E2CDEC /* Pods-DFriendsTests.release.xcconfig */ = {isa = PBXFileReference; includeInIndex = 1; lastKnownFileType = text.xcconfig; name = "Pods-DFriendsTests.release.xcconfig"; path = "Target Support Files/Pods-DFriendsTests/Pods-DFriendsTests.release.xcconfig"; sourceTree = "<group>"; };
		E893219C6B6B7D67F91C6C42 /* Pods-DFriends-DFriendsUITests.debug.xcconfig */ = {isa = PBXFileReference; includeInIndex = 1; lastKnownFileType = text.xcconfig; name = "Pods-DFriends-DFriendsUITests.debug.xcconfig"; path = "Target Support Files/Pods-DFriends-DFriendsUITests/Pods-DFriends-DFriendsUITests.debug.xcconfig"; sourceTree = "<group>"; };
/* End PBXFileReference section */

/* Begin PBXFrameworksBuildPhase section */
		C994B45C268ABCB4001D83C7 /* Frameworks */ = {
			isa = PBXFrameworksBuildPhase;
			buildActionMask = 2147483647;
			files = (
				C9E9D3779C081D5ACBBF6F8E /* Pods_DFriends.framework in Frameworks */,
			);
			runOnlyForDeploymentPostprocessing = 0;
		};
		C994B472268ABCB5001D83C7 /* Frameworks */ = {
			isa = PBXFrameworksBuildPhase;
			buildActionMask = 2147483647;
			files = (
				92A9EF7CBE1D147EDA748A37 /* Pods_DFriendsTests.framework in Frameworks */,
			);
			runOnlyForDeploymentPostprocessing = 0;
		};
		C994B47D268ABCB6001D83C7 /* Frameworks */ = {
			isa = PBXFrameworksBuildPhase;
			buildActionMask = 2147483647;
			files = (
				F779847C47575C36BB6F8466 /* Pods_DFriends_DFriendsUITests.framework in Frameworks */,
			);
			runOnlyForDeploymentPostprocessing = 0;
		};
/* End PBXFrameworksBuildPhase section */

/* Begin PBXGroup section */
		367470C4E75EDFCD35AE56B6 /* Frameworks */ = {
			isa = PBXGroup;
			children = (
				3845DF5F75EC7DEF4F8F425E /* Pods_DFriends.framework */,
				434C3F09076A201F143040FE /* Pods_DFriends_DFriendsUITests.framework */,
				2C16F67422A8991B04DAFA24 /* Pods_DFriendsTests.framework */,
			);
			name = Frameworks;
			sourceTree = "<group>";
		};
		4BC6B2C5E9326755A38F3E6C /* Pods */ = {
			isa = PBXGroup;
			children = (
				375C766594D8E73911E2E573 /* Pods-DFriends.debug.xcconfig */,
				5B926966A9210F417401AD17 /* Pods-DFriends.release.xcconfig */,
				E893219C6B6B7D67F91C6C42 /* Pods-DFriends-DFriendsUITests.debug.xcconfig */,
				B402CE135A24B4E25AC6DE65 /* Pods-DFriends-DFriendsUITests.release.xcconfig */,
				D75463D16615CE091441AEFA /* Pods-DFriendsTests.debug.xcconfig */,
				E1E1A1122B53B753E4E2CDEC /* Pods-DFriendsTests.release.xcconfig */,
			);
			path = Pods;
			sourceTree = "<group>";
		};
		C994B456268ABCB4001D83C7 = {
			isa = PBXGroup;
			children = (
				C994B461268ABCB4001D83C7 /* DFriends */,
				C994B51F268AD4E0001D83C7 /* Views */,
				C994B478268ABCB6001D83C7 /* DFriendsTests */,
				C994B483268ABCB6001D83C7 /* DFriendsUITests */,
				C994B460268ABCB4001D83C7 /* Products */,
				4BC6B2C5E9326755A38F3E6C /* Pods */,
				367470C4E75EDFCD35AE56B6 /* Frameworks */,
			);
			sourceTree = "<group>";
		};
		C994B460268ABCB4001D83C7 /* Products */ = {
			isa = PBXGroup;
			children = (
				C994B45F268ABCB4001D83C7 /* DFriends.app */,
				C994B475268ABCB5001D83C7 /* DFriendsTests.xctest */,
				C994B480268ABCB6001D83C7 /* DFriendsUITests.xctest */,
			);
			name = Products;
			sourceTree = "<group>";
		};
		C994B461268ABCB4001D83C7 /* DFriends */ = {
			isa = PBXGroup;
			children = (
				C994B4E3268AC32B001D83C7 /* Extensions */,
				C994B4BC268AC11B001D83C7 /* Managers */,
				C994B4A1268ABE04001D83C7 /* Models */,
				C994B49B268ABD13001D83C7 /* SupportingFiles */,
				C994B49C268ABD2D001D83C7 /* ViewControllers */,
				C994B49D268ABD39001D83C7 /* Storyboards */,
			);
			path = DFriends;
			sourceTree = "<group>";
		};
		C994B478268ABCB6001D83C7 /* DFriendsTests */ = {
			isa = PBXGroup;
			children = (
				C994B479268ABCB6001D83C7 /* DFriendsTests.swift */,
				C994B47B268ABCB6001D83C7 /* Info.plist */,
			);
			path = DFriendsTests;
			sourceTree = "<group>";
		};
		C994B483268ABCB6001D83C7 /* DFriendsUITests */ = {
			isa = PBXGroup;
			children = (
				C994B484268ABCB6001D83C7 /* DFriendsUITests.swift */,
				C994B486268ABCB6001D83C7 /* Info.plist */,
			);
			path = DFriendsUITests;
			sourceTree = "<group>";
		};
		C994B49B268ABD13001D83C7 /* SupportingFiles */ = {
			isa = PBXGroup;
			children = (
				C994B462268ABCB4001D83C7 /* AppDelegate.swift */,
				C994B464268ABCB4001D83C7 /* SceneDelegate.swift */,
				C994B46B268ABCB5001D83C7 /* Assets.xcassets */,
				C994B470268ABCB5001D83C7 /* Info.plist */,
			);
			path = SupportingFiles;
			sourceTree = "<group>";
		};
		C994B49C268ABD2D001D83C7 /* ViewControllers */ = {
			isa = PBXGroup;
			children = (
				C994B4DB268AC312001D83C7 /* MainTabbarController.swift */,
				C994B4DA268AC2ED001D83C7 /* HomeVC */,
				C994B52E268AF02C001D83C7 /* SearchVC.swift */,
				C994B53E268B114B001D83C7 /* ExpertVC */,
				C994B551268D802C001D83C7 /* CompanyVC */,
				C994B536268AF998001D83C7 /* QuestionVC.swift */,
				C994B4D0268AC2E0001D83C7 /* ConsultVC.swift */,
				C994B4D5268AC2E9001D83C7 /* ProfileVC.swift */,
			);
			path = ViewControllers;
			sourceTree = "<group>";
		};
		C994B49D268ABD39001D83C7 /* Storyboards */ = {
			isa = PBXGroup;
			children = (
				C994B468268ABCB4001D83C7 /* Main.storyboard */,
				C994B46D268ABCB5001D83C7 /* LaunchScreen.storyboard */,
				C994B4EC268AC375001D83C7 /* Home.storyboard */,
				C994B4F1268AC37E001D83C7 /* Expert.storyboard */,
				C994B4F6268AC385001D83C7 /* Consult.storyboard */,
				C994B4FB268AC38C001D83C7 /* Profile.storyboard */,
				C994B54C268D7FDE001D83C7 /* Company.storyboard */,
			);
			path = Storyboards;
			sourceTree = "<group>";
		};
		C994B4A1268ABE04001D83C7 /* Models */ = {
			isa = PBXGroup;
			children = (
				C994B4A2268ABE17001D83C7 /* ModelConsult.swift */,
				C994B4A7268ABE20001D83C7 /* ModelExpert.swift */,
				C994B4AC268ABE2B001D83C7 /* ModelCompany.swift */,
			);
			path = Models;
			sourceTree = "<group>";
		};
		C994B4BC268AC11B001D83C7 /* Managers */ = {
			isa = PBXGroup;
			children = (
				C994B4BD268AC131001D83C7 /* WebApiManager.swift */,
			);
			path = Managers;
			sourceTree = "<group>";
		};
		C994B4DA268AC2ED001D83C7 /* HomeVC */ = {
			isa = PBXGroup;
			children = (
				C994B506268ACE3D001D83C7 /* HomeVC.swift */,
				C994B50B268ACFF2001D83C7 /* SearchTableViewCell.swift */,
				C994B510268ACFFA001D83C7 /* ConsultTableViewCell.swift */,
				C994B515268AD001001D83C7 /* ExpertTableViewCell.swift */,
				C994B51A268AD008001D83C7 /* CompanyTableViewCell.swift */,
			);
			path = HomeVC;
			sourceTree = "<group>";
		};
		C994B4E3268AC32B001D83C7 /* Extensions */ = {
			isa = PBXGroup;
			children = (
				C994B4E4268AC33F001D83C7 /* NSNotification.swift */,
			);
			path = Extensions;
			sourceTree = "<group>";
		};
		C994B51F268AD4E0001D83C7 /* Views */ = {
			isa = PBXGroup;
			children = (
				C994B520268AD4FE001D83C7 /* ExpertCollectionCell.swift */,
				C994B521268AD4FE001D83C7 /* ExpertCollectionCell.xib */,
				C994B527268AE766001D83C7 /* CompanyCollectionCell.swift */,
				C994B528268AE766001D83C7 /* CompanyCollectionCell.xib */,
			);
			path = Views;
			sourceTree = "<group>";
		};
		C994B53E268B114B001D83C7 /* ExpertVC */ = {
			isa = PBXGroup;
			children = (
				C994B4CB268AC2D0001D83C7 /* ExpertVC.swift */,
				C994B53F268B115E001D83C7 /* ExpertDetailVC.swift */,
				C994B56A268D8412001D83C7 /* ExpertMoreVC.swift */,
			);
			path = ExpertVC;
			sourceTree = "<group>";
		};
		C994B551268D802C001D83C7 /* CompanyVC */ = {
			isa = PBXGroup;
			children = (
				C994B547268D7C95001D83C7 /* CompanyVC.swift */,
				C994B552268D8043001D83C7 /* CompanyMoreVC.swift */,
			);
			path = CompanyVC;
			sourceTree = "<group>";
		};
/* End PBXGroup section */

/* Begin PBXNativeTarget section */
		C994B45E268ABCB4001D83C7 /* DFriends */ = {
			isa = PBXNativeTarget;
			buildConfigurationList = C994B489268ABCB6001D83C7 /* Build configuration list for PBXNativeTarget "DFriends" */;
			buildPhases = (
				39BCA73271CD4F32C8AE77E3 /* [CP] Check Pods Manifest.lock */,
				C994B45B268ABCB4001D83C7 /* Sources */,
				C994B45C268ABCB4001D83C7 /* Frameworks */,
				C994B45D268ABCB4001D83C7 /* Resources */,
				C295AB2F494C15378E731ABC /* [CP] Embed Pods Frameworks */,
			);
			buildRules = (
			);
			dependencies = (
			);
			name = DFriends;
			productName = DFriends;
			productReference = C994B45F268ABCB4001D83C7 /* DFriends.app */;
			productType = "com.apple.product-type.application";
		};
		C994B474268ABCB5001D83C7 /* DFriendsTests */ = {
			isa = PBXNativeTarget;
			buildConfigurationList = C994B48C268ABCB6001D83C7 /* Build configuration list for PBXNativeTarget "DFriendsTests" */;
			buildPhases = (
				B83DF56DA7EFCE04E36B33E0 /* [CP] Check Pods Manifest.lock */,
				C994B471268ABCB5001D83C7 /* Sources */,
				C994B472268ABCB5001D83C7 /* Frameworks */,
				C994B473268ABCB5001D83C7 /* Resources */,
			);
			buildRules = (
			);
			dependencies = (
				C994B477268ABCB5001D83C7 /* PBXTargetDependency */,
			);
			name = DFriendsTests;
			productName = DFriendsTests;
			productReference = C994B475268ABCB5001D83C7 /* DFriendsTests.xctest */;
			productType = "com.apple.product-type.bundle.unit-test";
		};
		C994B47F268ABCB6001D83C7 /* DFriendsUITests */ = {
			isa = PBXNativeTarget;
			buildConfigurationList = C994B48F268ABCB6001D83C7 /* Build configuration list for PBXNativeTarget "DFriendsUITests" */;
			buildPhases = (
				FFD967A1A1B23095276D27CC /* [CP] Check Pods Manifest.lock */,
				C994B47C268ABCB6001D83C7 /* Sources */,
				C994B47D268ABCB6001D83C7 /* Frameworks */,
				C994B47E268ABCB6001D83C7 /* Resources */,
				ECF4D860AAD79C40348E7C77 /* [CP] Embed Pods Frameworks */,
			);
			buildRules = (
			);
			dependencies = (
				C994B482268ABCB6001D83C7 /* PBXTargetDependency */,
			);
			name = DFriendsUITests;
			productName = DFriendsUITests;
			productReference = C994B480268ABCB6001D83C7 /* DFriendsUITests.xctest */;
			productType = "com.apple.product-type.bundle.ui-testing";
		};
/* End PBXNativeTarget section */

/* Begin PBXProject section */
		C994B457268ABCB4001D83C7 /* Project object */ = {
			isa = PBXProject;
			attributes = {
				LastSwiftUpdateCheck = 1240;
				LastUpgradeCheck = 1240;
				TargetAttributes = {
					C994B45E268ABCB4001D83C7 = {
						CreatedOnToolsVersion = 12.4;
					};
					C994B474268ABCB5001D83C7 = {
						CreatedOnToolsVersion = 12.4;
						TestTargetID = C994B45E268ABCB4001D83C7;
					};
					C994B47F268ABCB6001D83C7 = {
						CreatedOnToolsVersion = 12.4;
						TestTargetID = C994B45E268ABCB4001D83C7;
					};
				};
			};
			buildConfigurationList = C994B45A268ABCB4001D83C7 /* Build configuration list for PBXProject "DFriends" */;
			compatibilityVersion = "Xcode 9.3";
			developmentRegion = en;
			hasScannedForEncodings = 0;
			knownRegions = (
				en,
				Base,
			);
			mainGroup = C994B456268ABCB4001D83C7;
			productRefGroup = C994B460268ABCB4001D83C7 /* Products */;
			projectDirPath = "";
			projectRoot = "";
			targets = (
				C994B45E268ABCB4001D83C7 /* DFriends */,
				C994B474268ABCB5001D83C7 /* DFriendsTests */,
				C994B47F268ABCB6001D83C7 /* DFriendsUITests */,
			);
		};
/* End PBXProject section */

/* Begin PBXResourcesBuildPhase section */
		C994B45D268ABCB4001D83C7 /* Resources */ = {
			isa = PBXResourcesBuildPhase;
			buildActionMask = 2147483647;
			files = (
				C994B46F268ABCB5001D83C7 /* LaunchScreen.storyboard in Resources */,
				C994B46C268ABCB5001D83C7 /* Assets.xcassets in Resources */,
				C994B4F2268AC37E001D83C7 /* Expert.storyboard in Resources */,
				C994B46A268ABCB4001D83C7 /* Main.storyboard in Resources */,
				C994B4ED268AC375001D83C7 /* Home.storyboard in Resources */,
				C994B52A268AE766001D83C7 /* CompanyCollectionCell.xib in Resources */,
				C994B54D268D7FDE001D83C7 /* Company.storyboard in Resources */,
				C994B523268AD4FE001D83C7 /* ExpertCollectionCell.xib in Resources */,
				C994B4FC268AC38C001D83C7 /* Profile.storyboard in Resources */,
				C994B4F7268AC385001D83C7 /* Consult.storyboard in Resources */,
			);
			runOnlyForDeploymentPostprocessing = 0;
		};
		C994B473268ABCB5001D83C7 /* Resources */ = {
			isa = PBXResourcesBuildPhase;
			buildActionMask = 2147483647;
			files = (
			);
			runOnlyForDeploymentPostprocessing = 0;
		};
		C994B47E268ABCB6001D83C7 /* Resources */ = {
			isa = PBXResourcesBuildPhase;
			buildActionMask = 2147483647;
			files = (
			);
			runOnlyForDeploymentPostprocessing = 0;
		};
/* End PBXResourcesBuildPhase section */

/* Begin PBXShellScriptBuildPhase section */
		39BCA73271CD4F32C8AE77E3 /* [CP] Check Pods Manifest.lock */ = {
			isa = PBXShellScriptBuildPhase;
			buildActionMask = 2147483647;
			files = (
			);
			inputFileListPaths = (
			);
			inputPaths = (
				"${PODS_PODFILE_DIR_PATH}/Podfile.lock",
				"${PODS_ROOT}/Manifest.lock",
			);
			name = "[CP] Check Pods Manifest.lock";
			outputFileListPaths = (
			);
			outputPaths = (
				"$(DERIVED_FILE_DIR)/Pods-DFriends-checkManifestLockResult.txt",
			);
			runOnlyForDeploymentPostprocessing = 0;
			shellPath = /bin/sh;
			shellScript = "diff \"${PODS_PODFILE_DIR_PATH}/Podfile.lock\" \"${PODS_ROOT}/Manifest.lock\" > /dev/null\nif [ $? != 0 ] ; then\n    # print error to STDERR\n    echo \"error: The sandbox is not in sync with the Podfile.lock. Run 'pod install' or update your CocoaPods installation.\" >&2\n    exit 1\nfi\n# This output is used by Xcode 'outputs' to avoid re-running this script phase.\necho \"SUCCESS\" > \"${SCRIPT_OUTPUT_FILE_0}\"\n";
			showEnvVarsInLog = 0;
		};
		B83DF56DA7EFCE04E36B33E0 /* [CP] Check Pods Manifest.lock */ = {
			isa = PBXShellScriptBuildPhase;
			buildActionMask = 2147483647;
			files = (
			);
			inputFileListPaths = (
			);
			inputPaths = (
				"${PODS_PODFILE_DIR_PATH}/Podfile.lock",
				"${PODS_ROOT}/Manifest.lock",
			);
			name = "[CP] Check Pods Manifest.lock";
			outputFileListPaths = (
			);
			outputPaths = (
				"$(DERIVED_FILE_DIR)/Pods-DFriendsTests-checkManifestLockResult.txt",
			);
			runOnlyForDeploymentPostprocessing = 0;
			shellPath = /bin/sh;
			shellScript = "diff \"${PODS_PODFILE_DIR_PATH}/Podfile.lock\" \"${PODS_ROOT}/Manifest.lock\" > /dev/null\nif [ $? != 0 ] ; then\n    # print error to STDERR\n    echo \"error: The sandbox is not in sync with the Podfile.lock. Run 'pod install' or update your CocoaPods installation.\" >&2\n    exit 1\nfi\n# This output is used by Xcode 'outputs' to avoid re-running this script phase.\necho \"SUCCESS\" > \"${SCRIPT_OUTPUT_FILE_0}\"\n";
			showEnvVarsInLog = 0;
		};
		C295AB2F494C15378E731ABC /* [CP] Embed Pods Frameworks */ = {
			isa = PBXShellScriptBuildPhase;
			buildActionMask = 2147483647;
			files = (
			);
			inputFileListPaths = (
				"${PODS_ROOT}/Target Support Files/Pods-DFriends/Pods-DFriends-frameworks-${CONFIGURATION}-input-files.xcfilelist",
			);
			name = "[CP] Embed Pods Frameworks";
			outputFileListPaths = (
				"${PODS_ROOT}/Target Support Files/Pods-DFriends/Pods-DFriends-frameworks-${CONFIGURATION}-output-files.xcfilelist",
			);
			runOnlyForDeploymentPostprocessing = 0;
			shellPath = /bin/sh;
			shellScript = "\"${PODS_ROOT}/Target Support Files/Pods-DFriends/Pods-DFriends-frameworks.sh\"\n";
			showEnvVarsInLog = 0;
		};
		ECF4D860AAD79C40348E7C77 /* [CP] Embed Pods Frameworks */ = {
			isa = PBXShellScriptBuildPhase;
			buildActionMask = 2147483647;
			files = (
			);
			inputFileListPaths = (
				"${PODS_ROOT}/Target Support Files/Pods-DFriends-DFriendsUITests/Pods-DFriends-DFriendsUITests-frameworks-${CONFIGURATION}-input-files.xcfilelist",
			);
			name = "[CP] Embed Pods Frameworks";
			outputFileListPaths = (
				"${PODS_ROOT}/Target Support Files/Pods-DFriends-DFriendsUITests/Pods-DFriends-DFriendsUITests-frameworks-${CONFIGURATION}-output-files.xcfilelist",
			);
			runOnlyForDeploymentPostprocessing = 0;
			shellPath = /bin/sh;
			shellScript = "\"${PODS_ROOT}/Target Support Files/Pods-DFriends-DFriendsUITests/Pods-DFriends-DFriendsUITests-frameworks.sh\"\n";
			showEnvVarsInLog = 0;
		};
		FFD967A1A1B23095276D27CC /* [CP] Check Pods Manifest.lock */ = {
			isa = PBXShellScriptBuildPhase;
			buildActionMask = 2147483647;
			files = (
			);
			inputFileListPaths = (
			);
			inputPaths = (
				"${PODS_PODFILE_DIR_PATH}/Podfile.lock",
				"${PODS_ROOT}/Manifest.lock",
			);
			name = "[CP] Check Pods Manifest.lock";
			outputFileListPaths = (
			);
			outputPaths = (
				"$(DERIVED_FILE_DIR)/Pods-DFriends-DFriendsUITests-checkManifestLockResult.txt",
			);
			runOnlyForDeploymentPostprocessing = 0;
			shellPath = /bin/sh;
			shellScript = "diff \"${PODS_PODFILE_DIR_PATH}/Podfile.lock\" \"${PODS_ROOT}/Manifest.lock\" > /dev/null\nif [ $? != 0 ] ; then\n    # print error to STDERR\n    echo \"error: The sandbox is not in sync with the Podfile.lock. Run 'pod install' or update your CocoaPods installation.\" >&2\n    exit 1\nfi\n# This output is used by Xcode 'outputs' to avoid re-running this script phase.\necho \"SUCCESS\" > \"${SCRIPT_OUTPUT_FILE_0}\"\n";
			showEnvVarsInLog = 0;
		};
/* End PBXShellScriptBuildPhase section */

/* Begin PBXSourcesBuildPhase section */
		C994B45B268ABCB4001D83C7 /* Sources */ = {
			isa = PBXSourcesBuildPhase;
			buildActionMask = 2147483647;
			files = (
				C994B548268D7C95001D83C7 /* CompanyVC.swift in Sources */,
				C994B56B268D8412001D83C7 /* ExpertMoreVC.swift in Sources */,
				C994B511268ACFFA001D83C7 /* ConsultTableViewCell.swift in Sources */,
				C994B4D6268AC2E9001D83C7 /* ProfileVC.swift in Sources */,
				C994B4D1268AC2E0001D83C7 /* ConsultVC.swift in Sources */,
				C994B4A8268ABE20001D83C7 /* ModelExpert.swift in Sources */,
				C994B4CC268AC2D0001D83C7 /* ExpertVC.swift in Sources */,
				C994B529268AE766001D83C7 /* CompanyCollectionCell.swift in Sources */,
				C994B463268ABCB4001D83C7 /* AppDelegate.swift in Sources */,
				C994B4DC268AC312001D83C7 /* MainTabbarController.swift in Sources */,
				C994B537268AF998001D83C7 /* QuestionVC.swift in Sources */,
				C994B4E5268AC33F001D83C7 /* NSNotification.swift in Sources */,
				C994B52F268AF02C001D83C7 /* SearchVC.swift in Sources */,
				C994B553268D8043001D83C7 /* CompanyMoreVC.swift in Sources */,
				C994B516268AD001001D83C7 /* ExpertTableViewCell.swift in Sources */,
				C994B4AD268ABE2B001D83C7 /* ModelCompany.swift in Sources */,
				C994B522268AD4FE001D83C7 /* ExpertCollectionCell.swift in Sources */,
				C994B50C268ACFF2001D83C7 /* SearchTableViewCell.swift in Sources */,
				C994B540268B115E001D83C7 /* ExpertDetailVC.swift in Sources */,
				C994B4BE268AC131001D83C7 /* WebApiManager.swift in Sources */,
				C994B507268ACE3D001D83C7 /* HomeVC.swift in Sources */,
				C994B4A3268ABE17001D83C7 /* ModelConsult.swift in Sources */,
				C994B465268ABCB4001D83C7 /* SceneDelegate.swift in Sources */,
				C994B51B268AD008001D83C7 /* CompanyTableViewCell.swift in Sources */,
			);
			runOnlyForDeploymentPostprocessing = 0;
		};
		C994B471268ABCB5001D83C7 /* Sources */ = {
			isa = PBXSourcesBuildPhase;
			buildActionMask = 2147483647;
			files = (
				C994B47A268ABCB6001D83C7 /* DFriendsTests.swift in Sources */,
			);
			runOnlyForDeploymentPostprocessing = 0;
		};
		C994B47C268ABCB6001D83C7 /* Sources */ = {
			isa = PBXSourcesBuildPhase;
			buildActionMask = 2147483647;
			files = (
				C994B485268ABCB6001D83C7 /* DFriendsUITests.swift in Sources */,
			);
			runOnlyForDeploymentPostprocessing = 0;
		};
/* End PBXSourcesBuildPhase section */

/* Begin PBXTargetDependency section */
		C994B477268ABCB5001D83C7 /* PBXTargetDependency */ = {
			isa = PBXTargetDependency;
			target = C994B45E268ABCB4001D83C7 /* DFriends */;
			targetProxy = C994B476268ABCB5001D83C7 /* PBXContainerItemProxy */;
		};
		C994B482268ABCB6001D83C7 /* PBXTargetDependency */ = {
			isa = PBXTargetDependency;
			target = C994B45E268ABCB4001D83C7 /* DFriends */;
			targetProxy = C994B481268ABCB6001D83C7 /* PBXContainerItemProxy */;
		};
/* End PBXTargetDependency section */

/* Begin PBXVariantGroup section */
		C994B468268ABCB4001D83C7 /* Main.storyboard */ = {
			isa = PBXVariantGroup;
			children = (
				C994B469268ABCB4001D83C7 /* Base */,
			);
			name = Main.storyboard;
			sourceTree = "<group>";
		};
		C994B46D268ABCB5001D83C7 /* LaunchScreen.storyboard */ = {
			isa = PBXVariantGroup;
			children = (
				C994B46E268ABCB5001D83C7 /* Base */,
			);
			name = LaunchScreen.storyboard;
			sourceTree = "<group>";
		};
/* End PBXVariantGroup section */

/* Begin XCBuildConfiguration section */
		C994B487268ABCB6001D83C7 /* Debug */ = {
			isa = XCBuildConfiguration;
			buildSettings = {
				ALWAYS_SEARCH_USER_PATHS = NO;
				CLANG_ANALYZER_NONNULL = YES;
				CLANG_ANALYZER_NUMBER_OBJECT_CONVERSION = YES_AGGRESSIVE;
				CLANG_CXX_LANGUAGE_STANDARD = "gnu++14";
				CLANG_CXX_LIBRARY = "libc++";
				CLANG_ENABLE_MODULES = YES;
				CLANG_ENABLE_OBJC_ARC = YES;
				CLANG_ENABLE_OBJC_WEAK = YES;
				CLANG_WARN_BLOCK_CAPTURE_AUTORELEASING = YES;
				CLANG_WARN_BOOL_CONVERSION = YES;
				CLANG_WARN_COMMA = YES;
				CLANG_WARN_CONSTANT_CONVERSION = YES;
				CLANG_WARN_DEPRECATED_OBJC_IMPLEMENTATIONS = YES;
				CLANG_WARN_DIRECT_OBJC_ISA_USAGE = YES_ERROR;
				CLANG_WARN_DOCUMENTATION_COMMENTS = YES;
				CLANG_WARN_EMPTY_BODY = YES;
				CLANG_WARN_ENUM_CONVERSION = YES;
				CLANG_WARN_INFINITE_RECURSION = YES;
				CLANG_WARN_INT_CONVERSION = YES;
				CLANG_WARN_NON_LITERAL_NULL_CONVERSION = YES;
				CLANG_WARN_OBJC_IMPLICIT_RETAIN_SELF = YES;
				CLANG_WARN_OBJC_LITERAL_CONVERSION = YES;
				CLANG_WARN_OBJC_ROOT_CLASS = YES_ERROR;
				CLANG_WARN_QUOTED_INCLUDE_IN_FRAMEWORK_HEADER = YES;
				CLANG_WARN_RANGE_LOOP_ANALYSIS = YES;
				CLANG_WARN_STRICT_PROTOTYPES = YES;
				CLANG_WARN_SUSPICIOUS_MOVE = YES;
				CLANG_WARN_UNGUARDED_AVAILABILITY = YES_AGGRESSIVE;
				CLANG_WARN_UNREACHABLE_CODE = YES;
				CLANG_WARN__DUPLICATE_METHOD_MATCH = YES;
				COPY_PHASE_STRIP = NO;
				DEBUG_INFORMATION_FORMAT = dwarf;
				ENABLE_STRICT_OBJC_MSGSEND = YES;
				ENABLE_TESTABILITY = YES;
				GCC_C_LANGUAGE_STANDARD = gnu11;
				GCC_DYNAMIC_NO_PIC = NO;
				GCC_NO_COMMON_BLOCKS = YES;
				GCC_OPTIMIZATION_LEVEL = 0;
				GCC_PREPROCESSOR_DEFINITIONS = (
					"DEBUG=1",
					"$(inherited)",
				);
				GCC_WARN_64_TO_32_BIT_CONVERSION = YES;
				GCC_WARN_ABOUT_RETURN_TYPE = YES_ERROR;
				GCC_WARN_UNDECLARED_SELECTOR = YES;
				GCC_WARN_UNINITIALIZED_AUTOS = YES_AGGRESSIVE;
				GCC_WARN_UNUSED_FUNCTION = YES;
				GCC_WARN_UNUSED_VARIABLE = YES;
				IPHONEOS_DEPLOYMENT_TARGET = 11.0;
				MTL_ENABLE_DEBUG_INFO = INCLUDE_SOURCE;
				MTL_FAST_MATH = YES;
				ONLY_ACTIVE_ARCH = YES;
				SDKROOT = iphoneos;
				SWIFT_ACTIVE_COMPILATION_CONDITIONS = DEBUG;
				SWIFT_OPTIMIZATION_LEVEL = "-Onone";
			};
			name = Debug;
		};
		C994B488268ABCB6001D83C7 /* Release */ = {
			isa = XCBuildConfiguration;
			buildSettings = {
				ALWAYS_SEARCH_USER_PATHS = NO;
				CLANG_ANALYZER_NONNULL = YES;
				CLANG_ANALYZER_NUMBER_OBJECT_CONVERSION = YES_AGGRESSIVE;
				CLANG_CXX_LANGUAGE_STANDARD = "gnu++14";
				CLANG_CXX_LIBRARY = "libc++";
				CLANG_ENABLE_MODULES = YES;
				CLANG_ENABLE_OBJC_ARC = YES;
				CLANG_ENABLE_OBJC_WEAK = YES;
				CLANG_WARN_BLOCK_CAPTURE_AUTORELEASING = YES;
				CLANG_WARN_BOOL_CONVERSION = YES;
				CLANG_WARN_COMMA = YES;
				CLANG_WARN_CONSTANT_CONVERSION = YES;
				CLANG_WARN_DEPRECATED_OBJC_IMPLEMENTATIONS = YES;
				CLANG_WARN_DIRECT_OBJC_ISA_USAGE = YES_ERROR;
				CLANG_WARN_DOCUMENTATION_COMMENTS = YES;
				CLANG_WARN_EMPTY_BODY = YES;
				CLANG_WARN_ENUM_CONVERSION = YES;
				CLANG_WARN_INFINITE_RECURSION = YES;
				CLANG_WARN_INT_CONVERSION = YES;
				CLANG_WARN_NON_LITERAL_NULL_CONVERSION = YES;
				CLANG_WARN_OBJC_IMPLICIT_RETAIN_SELF = YES;
				CLANG_WARN_OBJC_LITERAL_CONVERSION = YES;
				CLANG_WARN_OBJC_ROOT_CLASS = YES_ERROR;
				CLANG_WARN_QUOTED_INCLUDE_IN_FRAMEWORK_HEADER = YES;
				CLANG_WARN_RANGE_LOOP_ANALYSIS = YES;
				CLANG_WARN_STRICT_PROTOTYPES = YES;
				CLANG_WARN_SUSPICIOUS_MOVE = YES;
				CLANG_WARN_UNGUARDED_AVAILABILITY = YES_AGGRESSIVE;
				CLANG_WARN_UNREACHABLE_CODE = YES;
				CLANG_WARN__DUPLICATE_METHOD_MATCH = YES;
				COPY_PHASE_STRIP = NO;
				DEBUG_INFORMATION_FORMAT = "dwarf-with-dsym";
				ENABLE_NS_ASSERTIONS = NO;
				ENABLE_STRICT_OBJC_MSGSEND = YES;
				GCC_C_LANGUAGE_STANDARD = gnu11;
				GCC_NO_COMMON_BLOCKS = YES;
				GCC_WARN_64_TO_32_BIT_CONVERSION = YES;
				GCC_WARN_ABOUT_RETURN_TYPE = YES_ERROR;
				GCC_WARN_UNDECLARED_SELECTOR = YES;
				GCC_WARN_UNINITIALIZED_AUTOS = YES_AGGRESSIVE;
				GCC_WARN_UNUSED_FUNCTION = YES;
				GCC_WARN_UNUSED_VARIABLE = YES;
				IPHONEOS_DEPLOYMENT_TARGET = 11.0;
				MTL_ENABLE_DEBUG_INFO = NO;
				MTL_FAST_MATH = YES;
				SDKROOT = iphoneos;
				SWIFT_COMPILATION_MODE = wholemodule;
				SWIFT_OPTIMIZATION_LEVEL = "-O";
				VALIDATE_PRODUCT = YES;
			};
			name = Release;
		};
		C994B48A268ABCB6001D83C7 /* Debug */ = {
			isa = XCBuildConfiguration;
			baseConfigurationReference = 375C766594D8E73911E2E573 /* Pods-DFriends.debug.xcconfig */;
			buildSettings = {
				ASSETCATALOG_COMPILER_APPICON_NAME = AppIcon;
				ASSETCATALOG_COMPILER_GLOBAL_ACCENT_COLOR_NAME = AccentColor;
				CODE_SIGN_STYLE = Automatic;
				DEVELOPMENT_TEAM = 83WLB5XAL4;
				INFOPLIST_FILE = DFriends/SupportingFiles/Info.plist;
				LD_RUNPATH_SEARCH_PATHS = (
					"$(inherited)",
					"@executable_path/Frameworks",
				);
				PRODUCT_BUNDLE_IDENTIFIER = com.zehye.DFriends;
				PRODUCT_NAME = "$(TARGET_NAME)";
				SWIFT_VERSION = 5.0;
				TARGETED_DEVICE_FAMILY = "1,2";
			};
			name = Debug;
		};
		C994B48B268ABCB6001D83C7 /* Release */ = {
			isa = XCBuildConfiguration;
			baseConfigurationReference = 5B926966A9210F417401AD17 /* Pods-DFriends.release.xcconfig */;
			buildSettings = {
				ASSETCATALOG_COMPILER_APPICON_NAME = AppIcon;
				ASSETCATALOG_COMPILER_GLOBAL_ACCENT_COLOR_NAME = AccentColor;
				CODE_SIGN_STYLE = Automatic;
				DEVELOPMENT_TEAM = 83WLB5XAL4;
				INFOPLIST_FILE = DFriends/SupportingFiles/Info.plist;
				LD_RUNPATH_SEARCH_PATHS = (
					"$(inherited)",
					"@executable_path/Frameworks",
				);
				PRODUCT_BUNDLE_IDENTIFIER = com.zehye.DFriends;
				PRODUCT_NAME = "$(TARGET_NAME)";
				SWIFT_VERSION = 5.0;
				TARGETED_DEVICE_FAMILY = "1,2";
			};
			name = Release;
		};
		C994B48D268ABCB6001D83C7 /* Debug */ = {
			isa = XCBuildConfiguration;
			baseConfigurationReference = D75463D16615CE091441AEFA /* Pods-DFriendsTests.debug.xcconfig */;
			buildSettings = {
				ALWAYS_EMBED_SWIFT_STANDARD_LIBRARIES = YES;
				BUNDLE_LOADER = "$(TEST_HOST)";
				CODE_SIGN_STYLE = Automatic;
				DEVELOPMENT_TEAM = 83WLB5XAL4;
				INFOPLIST_FILE = DFriendsTests/Info.plist;
				IPHONEOS_DEPLOYMENT_TARGET = 14.4;
				LD_RUNPATH_SEARCH_PATHS = (
					"$(inherited)",
					"@executable_path/Frameworks",
					"@loader_path/Frameworks",
				);
				PRODUCT_BUNDLE_IDENTIFIER = com.zehye.DFriendsTests;
				PRODUCT_NAME = "$(TARGET_NAME)";
				SWIFT_VERSION = 5.0;
				TARGETED_DEVICE_FAMILY = "1,2";
				TEST_HOST = "$(BUILT_PRODUCTS_DIR)/DFriends.app/DFriends";
			};
			name = Debug;
		};
		C994B48E268ABCB6001D83C7 /* Release */ = {
			isa = XCBuildConfiguration;
			baseConfigurationReference = E1E1A1122B53B753E4E2CDEC /* Pods-DFriendsTests.release.xcconfig */;
			buildSettings = {
				ALWAYS_EMBED_SWIFT_STANDARD_LIBRARIES = YES;
				BUNDLE_LOADER = "$(TEST_HOST)";
				CODE_SIGN_STYLE = Automatic;
				DEVELOPMENT_TEAM = 83WLB5XAL4;
				INFOPLIST_FILE = DFriendsTests/Info.plist;
				IPHONEOS_DEPLOYMENT_TARGET = 14.4;
				LD_RUNPATH_SEARCH_PATHS = (
					"$(inherited)",
					"@executable_path/Frameworks",
					"@loader_path/Frameworks",
				);
				PRODUCT_BUNDLE_IDENTIFIER = com.zehye.DFriendsTests;
				PRODUCT_NAME = "$(TARGET_NAME)";
				SWIFT_VERSION = 5.0;
				TARGETED_DEVICE_FAMILY = "1,2";
				TEST_HOST = "$(BUILT_PRODUCTS_DIR)/DFriends.app/DFriends";
			};
			name = Release;
		};
		C994B490268ABCB6001D83C7 /* Debug */ = {
			isa = XCBuildConfiguration;
			baseConfigurationReference = E893219C6B6B7D67F91C6C42 /* Pods-DFriends-DFriendsUITests.debug.xcconfig */;
			buildSettings = {
				ALWAYS_EMBED_SWIFT_STANDARD_LIBRARIES = YES;
				CODE_SIGN_STYLE = Automatic;
				DEVELOPMENT_TEAM = 83WLB5XAL4;
				INFOPLIST_FILE = DFriendsUITests/Info.plist;
				LD_RUNPATH_SEARCH_PATHS = (
					"$(inherited)",
					"@executable_path/Frameworks",
					"@loader_path/Frameworks",
				);
				PRODUCT_BUNDLE_IDENTIFIER = com.zehye.DFriendsUITests;
				PRODUCT_NAME = "$(TARGET_NAME)";
				SWIFT_VERSION = 5.0;
				TARGETED_DEVICE_FAMILY = "1,2";
				TEST_TARGET_NAME = DFriends;
			};
			name = Debug;
		};
		C994B491268ABCB6001D83C7 /* Release */ = {
			isa = XCBuildConfiguration;
			baseConfigurationReference = B402CE135A24B4E25AC6DE65 /* Pods-DFriends-DFriendsUITests.release.xcconfig */;
			buildSettings = {
				ALWAYS_EMBED_SWIFT_STANDARD_LIBRARIES = YES;
				CODE_SIGN_STYLE = Automatic;
				DEVELOPMENT_TEAM = 83WLB5XAL4;
				INFOPLIST_FILE = DFriendsUITests/Info.plist;
				LD_RUNPATH_SEARCH_PATHS = (
					"$(inherited)",
					"@executable_path/Frameworks",
					"@loader_path/Frameworks",
				);
				PRODUCT_BUNDLE_IDENTIFIER = com.zehye.DFriendsUITests;
				PRODUCT_NAME = "$(TARGET_NAME)";
				SWIFT_VERSION = 5.0;
				TARGETED_DEVICE_FAMILY = "1,2";
				TEST_TARGET_NAME = DFriends;
			};
			name = Release;
		};
/* End XCBuildConfiguration section */

/* Begin XCConfigurationList section */
		C994B45A268ABCB4001D83C7 /* Build configuration list for PBXProject "DFriends" */ = {
			isa = XCConfigurationList;
			buildConfigurations = (
				C994B487268ABCB6001D83C7 /* Debug */,
				C994B488268ABCB6001D83C7 /* Release */,
			);
			defaultConfigurationIsVisible = 0;
			defaultConfigurationName = Release;
		};
		C994B489268ABCB6001D83C7 /* Build configuration list for PBXNativeTarget "DFriends" */ = {
			isa = XCConfigurationList;
			buildConfigurations = (
				C994B48A268ABCB6001D83C7 /* Debug */,
				C994B48B268ABCB6001D83C7 /* Release */,
			);
			defaultConfigurationIsVisible = 0;
			defaultConfigurationName = Release;
		};
		C994B48C268ABCB6001D83C7 /* Build configuration list for PBXNativeTarget "DFriendsTests" */ = {
			isa = XCConfigurationList;
			buildConfigurations = (
				C994B48D268ABCB6001D83C7 /* Debug */,
				C994B48E268ABCB6001D83C7 /* Release */,
			);
			defaultConfigurationIsVisible = 0;
			defaultConfigurationName = Release;
		};
		C994B48F268ABCB6001D83C7 /* Build configuration list for PBXNativeTarget "DFriendsUITests" */ = {
			isa = XCConfigurationList;
			buildConfigurations = (
				C994B490268ABCB6001D83C7 /* Debug */,
				C994B491268ABCB6001D83C7 /* Release */,
			);
			defaultConfigurationIsVisible = 0;
			defaultConfigurationName = Release;
		};
/* End XCConfigurationList section */
	};
	rootObject = C994B457268ABCB4001D83C7 /* Project object */;
}
